
Microsoft Visual Studio Solution File, Format Version 12.00
# Visual Studio Version 17
VisualStudioVersion = 17.0.31611.283
MinimumVisualStudioVersion = 10.0.40219.1
Project("{9A19103F-16F7-4668-BE54-9A1E7A4F7556}") = "MAUICarouselViewSample", "MAUICarouselViewSample\MAUICarouselViewSample.csproj", "{CFBAF4CB-896B-4A2B-82FD-97EBABFB7367}"
EndProject
Global
	GlobalSection(SolutionConfigurationPlatforms) = preSolution
		Debug|Any CPU = Debug|Any CPU
		Release|Any CPU = Release|Any CPU
	EndGlobalSection
	GlobalSection(ProjectConfigurationPlatforms) = postSolution
		{CFBAF4CB-896B-4A2B-82FD-97EBABFB7367}.Debug|Any CPU.ActiveCfg = Debug|Any CPU
		{CFBAF4CB-896B-4A2B-82FD-97EBABFB7367}.Debug|Any CPU.Build.0 = Debug|Any CPU
		{CFBAF4CB-896B-4A2B-82FD-97EBABFB7367}.Debug|Any CPU.Deploy.0 = Debug|Any CPU
		{CFBAF4CB-896B-4A2B-82FD-97EBABFB7367}.Release|Any CPU.ActiveCfg = Release|Any CPU
		{CFBAF4CB-896B-4A2B-82FD-97EBABFB7367}.Release|Any CPU.Build.0 = Release|Any CPU
		{CFBAF4CB-896B-4A2B-82FD-97EBABFB7367}.Release|Any CPU.Deploy.0 = Release|Any CPU
	EndGlobalSection
	GlobalSection(SolutionProperties) = preSolution
		HideSolutionNode = FALSE
	EndGlobalSection
	GlobalSection(ExtensibilityGlobals) = postSolution
		SolutionGuid = {61F7FB11-1E47-470C-91E2-47F8143E1572}
	EndGlobalSection
	GlobalSection(MonoDevelopProperties) = preSolution
		Policies = $0
		$0.DotNetNamingPolicy = $1
		$1.DirectoryNamespaceAssociation = PrefixedHierarchical
		$0.TextStylePolicy = $2
		$2.inheritsSet = null
		$2.scope = text/x-csharp
		$0.CSharpFormattingPolicy = $3
		$3.scope = text/x-csharp
		$0.TextStylePolicy = $4
		$4.FileWidth = 80
		$4.TabsToSpaces = True
		$4.scope = text/plain
		$0.TextStylePolicy = $5
		$5.inheritsSet = null
		$5.scope = application/xml
		$0.XmlFormattingPolicy = $6
		$6.scope = application/xml
	EndGlobalSection
EndGlobal
